<Solution>
  <Folder Name="/docs/">
    <File Path="docs/AsyncEventHandler.md" />
    <File Path="docs/IAsyncAction.md" />
    <File Path="docs/IAsyncFunc.md" />
  </Folder>
  <Folder Name="/samples/" />
  <Folder Name="/src/">
    <Project Path="src/ZCrew.Extensions.Tasks/ZCrew.Extensions.Tasks.csproj" />
  </Folder>
  <Folder Name="/tests/">
    <Project Path="tests/ZCrew.Extensions.Tasks.UnitTests/ZCrew.Extensions.Tasks.UnitTests.csproj" />
  </Folder>
</Solution>
