<Solution>
  <Folder Name="/docs/">
    <File Path="docs/1-introduction.md" />
    <File Path="docs/2-async-event-handler.md" />
    <File Path="docs/3-async-action.md" />
    <File Path="docs/4-async-func.md" />
    <File Path="docs/5-synchronization-context-dispatcher.md" />
    <File Path="docs/6-channel-dispatcher.md" />
  </Folder>
  <Folder Name="/samples/" />
  <Folder Name="/src/">
    <Project Path="src/ZCrew.Extensions.Tasks/ZCrew.Extensions.Tasks.csproj" />
  </Folder>
  <Folder Name="/tests/">
    <File Path="tests/CLAUDE.md" />
    <Project Path="tests/ZCrew.Extensions.Tasks.UnitTests/ZCrew.Extensions.Tasks.UnitTests.csproj" />
    <Project Path="tests/ZCrew.Extensions.Tasks.IntegrationTests/ZCrew.Extensions.Tasks.IntegrationTests.csproj" />
  </Folder>
</Solution>
